
Microsoft Visual Studio Solution File, Format Version 12.00
# Visual Studio Version 16
VisualStudioVersion = 16.0.30804.86
MinimumVisualStudioVersion = 10.0.40219.1
Project("{9A19103F-16F7-4668-BE54-9A1E7A4F7556}") = "BulkyBook", "BulkyBook\BulkyBook.csproj", "{1DC6B022-E097-414B-BC84-3461BDF1123A}"
EndProject
Project("{FAE04EC0-301F-11D3-BF4B-00C04F79EFBC}") = "BulkyBook.DataAccess", "BulkyBook.DataAccess\BulkyBook.DataAccess.csproj", "{FC881C7D-3141-40FC-8102-167F8A4DF140}"
EndProject
Project("{FAE04EC0-301F-11D3-BF4B-00C04F79EFBC}") = "BulkyBook.Models", "BulkyBook.Models\BulkyBook.Models.csproj", "{DDD2CC48-EEC9-40A5-98FC-D7675D8872B6}"
EndProject
Project("{FAE04EC0-301F-11D3-BF4B-00C04F79EFBC}") = "BulkyBook.Utility", "BulkyBook.Utility\BulkyBook.Utility.csproj", "{5D5AB182-17A0-4E3B-8D03-6BFE72CA52F9}"
EndProject
Global
	GlobalSection(SolutionConfigurationPlatforms) = preSolution
		Debug|Any CPU = Debug|Any CPU
		Release|Any CPU = Release|Any CPU
	EndGlobalSection
	GlobalSection(ProjectConfigurationPlatforms) = postSolution
		{1DC6B022-E097-414B-BC84-3461BDF1123A}.Debug|Any CPU.ActiveCfg = Debug|Any CPU
		{1DC6B022-E097-414B-BC84-3461BDF1123A}.Debug|Any CPU.Build.0 = Debug|Any CPU
		{1DC6B022-E097-414B-BC84-3461BDF1123A}.Release|Any CPU.ActiveCfg = Release|Any CPU
		{1DC6B022-E097-414B-BC84-3461BDF1123A}.Release|Any CPU.Build.0 = Release|Any CPU
		{FC881C7D-3141-40FC-8102-167F8A4DF140}.Debug|Any CPU.ActiveCfg = Debug|Any CPU
		{FC881C7D-3141-40FC-8102-167F8A4DF140}.Debug|Any CPU.Build.0 = Debug|Any CPU
		{FC881C7D-3141-40FC-8102-167F8A4DF140}.Release|Any CPU.ActiveCfg = Release|Any CPU
		{FC881C7D-3141-40FC-8102-167F8A4DF140}.Release|Any CPU.Build.0 = Release|Any CPU
		{DDD2CC48-EEC9-40A5-98FC-D7675D8872B6}.Debug|Any CPU.ActiveCfg = Debug|Any CPU
		{DDD2CC48-EEC9-40A5-98FC-D7675D8872B6}.Debug|Any CPU.Build.0 = Debug|Any CPU
		{DDD2CC48-EEC9-40A5-98FC-D7675D8872B6}.Release|Any CPU.ActiveCfg = Release|Any CPU
		{DDD2CC48-EEC9-40A5-98FC-D7675D8872B6}.Release|Any CPU.Build.0 = Release|Any CPU
		{5D5AB182-17A0-4E3B-8D03-6BFE72CA52F9}.Debug|Any CPU.ActiveCfg = Debug|Any CPU
		{5D5AB182-17A0-4E3B-8D03-6BFE72CA52F9}.Debug|Any CPU.Build.0 = Debug|Any CPU
		{5D5AB182-17A0-4E3B-8D03-6BFE72CA52F9}.Release|Any CPU.ActiveCfg = Release|Any CPU
		{5D5AB182-17A0-4E3B-8D03-6BFE72CA52F9}.Release|Any CPU.Build.0 = Release|Any CPU
	EndGlobalSection
	GlobalSection(SolutionProperties) = preSolution
		HideSolutionNode = FALSE
	EndGlobalSection
	GlobalSection(ExtensibilityGlobals) = postSolution
		SolutionGuid = {C40B07D3-DD72-4177-8639-28354882A81A}
	EndGlobalSection
EndGlobal
